// !$*UTF8*$!
{
	archiveVersion = 1;
	classes = {
	};
	objectVersion = 50;
	objects = {

/* Begin PBXBuildFile section */
		F9D44B1D24A5E17C0034F14A /* AppDelegate.m in Sources */ = {isa = PBXBuildFile; fileRef = F9D44B1C24A5E17C0034F14A /* AppDelegate.m */; };
		F9D44B2024A5E17C0034F14A /* SceneDelegate.m in Sources */ = {isa = PBXBuildFile; fileRef = F9D44B1F24A5E17C0034F14A /* SceneDelegate.m */; };
		F9D44B2324A5E17C0034F14A /* ViewController.m in Sources */ = {isa = PBXBuildFile; fileRef = F9D44B2224A5E17C0034F14A /* ViewController.m */; };
		F9D44B2624A5E17C0034F14A /* Main.storyboard in Resources */ = {isa = PBXBuildFile; fileRef = F9D44B2424A5E17C0034F14A /* Main.storyboard */; };
		F9D44B2824A5E1820034F14A /* Assets.xcassets in Resources */ = {isa = PBXBuildFile; fileRef = F9D44B2724A5E1820034F14A /* Assets.xcassets */; };
		F9D44B2B24A5E1820034F14A /* LaunchScreen.storyboard in Resources */ = {isa = PBXBuildFile; fileRef = F9D44B2924A5E1820034F14A /* LaunchScreen.storyboard */; };
		F9D44B2E24A5E1820034F14A /* main.m in Sources */ = {isa = PBXBuildFile; fileRef = F9D44B2D24A5E1820034F14A /* main.m */; };
		F9D44B3824A5E1830034F14A /* YMYCrashProtectorTests.m in Sources */ = {isa = PBXBuildFile; fileRef = F9D44B3724A5E1830034F14A /* YMYCrashProtectorTests.m */; };
		F9D44B4324A5E1830034F14A /* YMYCrashProtectorUITests.m in Sources */ = {isa = PBXBuildFile; fileRef = F9D44B4224A5E1830034F14A /* YMYCrashProtectorUITests.m */; };
		F9D44B5324A6F4020034F14A /* YMYCrashManager.m in Sources */ = {isa = PBXBuildFile; fileRef = F9D44B5224A6F4020034F14A /* YMYCrashManager.m */; };
		F9D44B5624A6F6C00034F14A /* YMYCrashLog.m in Sources */ = {isa = PBXBuildFile; fileRef = F9D44B5524A6F6C00034F14A /* YMYCrashLog.m */; };
		F9D44B5924A71E0B0034F14A /* NSObject+KVOCrash.m in Sources */ = {isa = PBXBuildFile; fileRef = F9D44B5824A71E0B0034F14A /* NSObject+KVOCrash.m */; };
		F9D44B5C24A71F9A0034F14A /* NSObject+Swizzle.m in Sources */ = {isa = PBXBuildFile; fileRef = F9D44B5B24A71F9A0034F14A /* NSObject+Swizzle.m */; };
		F9D44C2224AF22D90034F14A /* NSTimer+Crash.m in Sources */ = {isa = PBXBuildFile; fileRef = F9D44C2124AF22D90034F14A /* NSTimer+Crash.m */; };
		F9D44C2624AF2F430034F14A /* NSString+Crash.m in Sources */ = {isa = PBXBuildFile; fileRef = F9D44C2524AF2F430034F14A /* NSString+Crash.m */; };
		F9D44C2924AF67490034F14A /* NSMutableArray+Crash.m in Sources */ = {isa = PBXBuildFile; fileRef = F9D44C2824AF67490034F14A /* NSMutableArray+Crash.m */; };
		F9D44C2C24AF68A60034F14A /* NSArray+Crash.m in Sources */ = {isa = PBXBuildFile; fileRef = F9D44C2B24AF68A60034F14A /* NSArray+Crash.m */; };
		F9D44C2F24AF6A3E0034F14A /* NSDictionary+Crash.m in Sources */ = {isa = PBXBuildFile; fileRef = F9D44C2E24AF6A3E0034F14A /* NSDictionary+Crash.m */; };
		F9D44C3224AF6B040034F14A /* NSMutableDictionary+Crash.m in Sources */ = {isa = PBXBuildFile; fileRef = F9D44C3124AF6B040034F14A /* NSMutableDictionary+Crash.m */; };
		F9D44C3524AF6BD80034F14A /* NSMutableString+Crash.m in Sources */ = {isa = PBXBuildFile; fileRef = F9D44C3424AF6BD80034F14A /* NSMutableString+Crash.m */; };
		F9D44C3824AF6CB70034F14A /* NSMutableAttributedString+Crash.m in Sources */ = {isa = PBXBuildFile; fileRef = F9D44C3724AF6CB70034F14A /* NSMutableAttributedString+Crash.m */; };
		F9D44C3B24AF6DF70034F14A /* NSAttributedString+Crash.m in Sources */ = {isa = PBXBuildFile; fileRef = F9D44C3A24AF6DF70034F14A /* NSAttributedString+Crash.m */; };
/* End PBXBuildFile section */

/* Begin PBXContainerItemProxy section */
		F9D44B3424A5E1830034F14A /* PBXContainerItemProxy */ = {
			isa = PBXContainerItemProxy;
			containerPortal = F9D44B1024A5E17C0034F14A /* Project object */;
			proxyType = 1;
			remoteGlobalIDString = F9D44B1724A5E17C0034F14A;
			remoteInfo = YMYCrashProtector;
		};
		F9D44B3F24A5E1830034F14A /* PBXContainerItemProxy */ = {
			isa = PBXContainerItemProxy;
			containerPortal = F9D44B1024A5E17C0034F14A /* Project object */;
			proxyType = 1;
			remoteGlobalIDString = F9D44B1724A5E17C0034F14A;
			remoteInfo = YMYCrashProtector;
		};
/* End PBXContainerItemProxy section */

/* Begin PBXFileReference section */
		F9D44B1824A5E17C0034F14A /* YMYCrashProtector.app */ = {isa = PBXFileReference; explicitFileType = wrapper.application; includeInIndex = 0; path = YMYCrashProtector.app; sourceTree = BUILT_PRODUCTS_DIR; };
		F9D44B1B24A5E17C0034F14A /* AppDelegate.h */ = {isa = PBXFileReference; lastKnownFileType = sourcecode.c.h; path = AppDelegate.h; sourceTree = "<group>"; };
		F9D44B1C24A5E17C0034F14A /* AppDelegate.m */ = {isa = PBXFileReference; lastKnownFileType = sourcecode.c.objc; path = AppDelegate.m; sourceTree = "<group>"; };
		F9D44B1E24A5E17C0034F14A /* SceneDelegate.h */ = {isa = PBXFileReference; lastKnownFileType = sourcecode.c.h; path = SceneDelegate.h; sourceTree = "<group>"; };
		F9D44B1F24A5E17C0034F14A /* SceneDelegate.m */ = {isa = PBXFileReference; lastKnownFileType = sourcecode.c.objc; path = SceneDelegate.m; sourceTree = "<group>"; };
		F9D44B2124A5E17C0034F14A /* ViewController.h */ = {isa = PBXFileReference; lastKnownFileType = sourcecode.c.h; path = ViewController.h; sourceTree = "<group>"; };
		F9D44B2224A5E17C0034F14A /* ViewController.m */ = {isa = PBXFileReference; lastKnownFileType = sourcecode.c.objc; path = ViewController.m; sourceTree = "<group>"; };
		F9D44B2524A5E17C0034F14A /* Base */ = {isa = PBXFileReference; lastKnownFileType = file.storyboard; name = Base; path = Base.lproj/Main.storyboard; sourceTree = "<group>"; };
		F9D44B2724A5E1820034F14A /* Assets.xcassets */ = {isa = PBXFileReference; lastKnownFileType = folder.assetcatalog; path = Assets.xcassets; sourceTree = "<group>"; };
		F9D44B2A24A5E1820034F14A /* Base */ = {isa = PBXFileReference; lastKnownFileType = file.storyboard; name = Base; path = Base.lproj/LaunchScreen.storyboard; sourceTree = "<group>"; };
		F9D44B2C24A5E1820034F14A /* Info.plist */ = {isa = PBXFileReference; lastKnownFileType = text.plist.xml; path = Info.plist; sourceTree = "<group>"; };
		F9D44B2D24A5E1820034F14A /* main.m */ = {isa = PBXFileReference; lastKnownFileType = sourcecode.c.objc; path = main.m; sourceTree = "<group>"; };
		F9D44B3324A5E1830034F14A /* YMYCrashProtectorTests.xctest */ = {isa = PBXFileReference; explicitFileType = wrapper.cfbundle; includeInIndex = 0; path = YMYCrashProtectorTests.xctest; sourceTree = BUILT_PRODUCTS_DIR; };
		F9D44B3724A5E1830034F14A /* YMYCrashProtectorTests.m */ = {isa = PBXFileReference; lastKnownFileType = sourcecode.c.objc; path = YMYCrashProtectorTests.m; sourceTree = "<group>"; };
		F9D44B3924A5E1830034F14A /* Info.plist */ = {isa = PBXFileReference; lastKnownFileType = text.plist.xml; path = Info.plist; sourceTree = "<group>"; };
		F9D44B3E24A5E1830034F14A /* YMYCrashProtectorUITests.xctest */ = {isa = PBXFileReference; explicitFileType = wrapper.cfbundle; includeInIndex = 0; path = YMYCrashProtectorUITests.xctest; sourceTree = BUILT_PRODUCTS_DIR; };
		F9D44B4224A5E1830034F14A /* YMYCrashProtectorUITests.m */ = {isa = PBXFileReference; lastKnownFileType = sourcecode.c.objc; path = YMYCrashProtectorUITests.m; sourceTree = "<group>"; };
		F9D44B4424A5E1830034F14A /* Info.plist */ = {isa = PBXFileReference; lastKnownFileType = text.plist.xml; path = Info.plist; sourceTree = "<group>"; };
		F9D44B5124A6F4020034F14A /* YMYCrashManager.h */ = {isa = PBXFileReference; lastKnownFileType = sourcecode.c.h; path = YMYCrashManager.h; sourceTree = "<group>"; };
		F9D44B5224A6F4020034F14A /* YMYCrashManager.m */ = {isa = PBXFileReference; lastKnownFileType = sourcecode.c.objc; path = YMYCrashManager.m; sourceTree = "<group>"; };
		F9D44B5424A6F6C00034F14A /* YMYCrashLog.h */ = {isa = PBXFileReference; lastKnownFileType = sourcecode.c.h; path = YMYCrashLog.h; sourceTree = "<group>"; };
		F9D44B5524A6F6C00034F14A /* YMYCrashLog.m */ = {isa = PBXFileReference; lastKnownFileType = sourcecode.c.objc; path = YMYCrashLog.m; sourceTree = "<group>"; };
		F9D44B5724A71E0B0034F14A /* NSObject+KVOCrash.h */ = {isa = PBXFileReference; lastKnownFileType = sourcecode.c.h; path = "NSObject+KVOCrash.h"; sourceTree = "<group>"; };
		F9D44B5824A71E0B0034F14A /* NSObject+KVOCrash.m */ = {isa = PBXFileReference; lastKnownFileType = sourcecode.c.objc; path = "NSObject+KVOCrash.m"; sourceTree = "<group>"; };
		F9D44B5A24A71F9A0034F14A /* NSObject+Swizzle.h */ = {isa = PBXFileReference; lastKnownFileType = sourcecode.c.h; path = "NSObject+Swizzle.h"; sourceTree = "<group>"; };
		F9D44B5B24A71F9A0034F14A /* NSObject+Swizzle.m */ = {isa = PBXFileReference; lastKnownFileType = sourcecode.c.objc; path = "NSObject+Swizzle.m"; sourceTree = "<group>"; };
		F9D44C2024AF22D90034F14A /* NSTimer+Crash.h */ = {isa = PBXFileReference; lastKnownFileType = sourcecode.c.h; path = "NSTimer+Crash.h"; sourceTree = "<group>"; };
		F9D44C2124AF22D90034F14A /* NSTimer+Crash.m */ = {isa = PBXFileReference; lastKnownFileType = sourcecode.c.objc; path = "NSTimer+Crash.m"; sourceTree = "<group>"; };
		F9D44C2424AF2F430034F14A /* NSString+Crash.h */ = {isa = PBXFileReference; lastKnownFileType = sourcecode.c.h; path = "NSString+Crash.h"; sourceTree = "<group>"; };
		F9D44C2524AF2F430034F14A /* NSString+Crash.m */ = {isa = PBXFileReference; lastKnownFileType = sourcecode.c.objc; path = "NSString+Crash.m"; sourceTree = "<group>"; };
		F9D44C2724AF67490034F14A /* NSMutableArray+Crash.h */ = {isa = PBXFileReference; lastKnownFileType = sourcecode.c.h; path = "NSMutableArray+Crash.h"; sourceTree = "<group>"; };
		F9D44C2824AF67490034F14A /* NSMutableArray+Crash.m */ = {isa = PBXFileReference; lastKnownFileType = sourcecode.c.objc; path = "NSMutableArray+Crash.m"; sourceTree = "<group>"; };
		F9D44C2A24AF68A60034F14A /* NSArray+Crash.h */ = {isa = PBXFileReference; lastKnownFileType = sourcecode.c.h; path = "NSArray+Crash.h"; sourceTree = "<group>"; };
		F9D44C2B24AF68A60034F14A /* NSArray+Crash.m */ = {isa = PBXFileReference; lastKnownFileType = sourcecode.c.objc; path = "NSArray+Crash.m"; sourceTree = "<group>"; };
		F9D44C2D24AF6A3E0034F14A /* NSDictionary+Crash.h */ = {isa = PBXFileReference; lastKnownFileType = sourcecode.c.h; path = "NSDictionary+Crash.h"; sourceTree = "<group>"; };
		F9D44C2E24AF6A3E0034F14A /* NSDictionary+Crash.m */ = {isa = PBXFileReference; lastKnownFileType = sourcecode.c.objc; path = "NSDictionary+Crash.m"; sourceTree = "<group>"; };
		F9D44C3024AF6B040034F14A /* NSMutableDictionary+Crash.h */ = {isa = PBXFileReference; lastKnownFileType = sourcecode.c.h; path = "NSMutableDictionary+Crash.h"; sourceTree = "<group>"; };
		F9D44C3124AF6B040034F14A /* NSMutableDictionary+Crash.m */ = {isa = PBXFileReference; lastKnownFileType = sourcecode.c.objc; path = "NSMutableDictionary+Crash.m"; sourceTree = "<group>"; };
		F9D44C3324AF6BD80034F14A /* NSMutableString+Crash.h */ = {isa = PBXFileReference; lastKnownFileType = sourcecode.c.h; path = "NSMutableString+Crash.h"; sourceTree = "<group>"; };
		F9D44C3424AF6BD80034F14A /* NSMutableString+Crash.m */ = {isa = PBXFileReference; lastKnownFileType = sourcecode.c.objc; path = "NSMutableString+Crash.m"; sourceTree = "<group>"; };
		F9D44C3624AF6CB70034F14A /* NSMutableAttributedString+Crash.h */ = {isa = PBXFileReference; lastKnownFileType = sourcecode.c.h; path = "NSMutableAttributedString+Crash.h"; sourceTree = "<group>"; };
		F9D44C3724AF6CB70034F14A /* NSMutableAttributedString+Crash.m */ = {isa = PBXFileReference; lastKnownFileType = sourcecode.c.objc; path = "NSMutableAttributedString+Crash.m"; sourceTree = "<group>"; };
		F9D44C3924AF6DF70034F14A /* NSAttributedString+Crash.h */ = {isa = PBXFileReference; lastKnownFileType = sourcecode.c.h; path = "NSAttributedString+Crash.h"; sourceTree = "<group>"; };
		F9D44C3A24AF6DF70034F14A /* NSAttributedString+Crash.m */ = {isa = PBXFileReference; lastKnownFileType = sourcecode.c.objc; path = "NSAttributedString+Crash.m"; sourceTree = "<group>"; };
/* End PBXFileReference section */

/* Begin PBXFrameworksBuildPhase section */
		F9D44B1524A5E17C0034F14A /* Frameworks */ = {
			isa = PBXFrameworksBuildPhase;
			buildActionMask = 2147483647;
			files = (
			);
			runOnlyForDeploymentPostprocessing = 0;
		};
		F9D44B3024A5E1830034F14A /* Frameworks */ = {
			isa = PBXFrameworksBuildPhase;
			buildActionMask = 2147483647;
			files = (
			);
			runOnlyForDeploymentPostprocessing = 0;
		};
		F9D44B3B24A5E1830034F14A /* Frameworks */ = {
			isa = PBXFrameworksBuildPhase;
			buildActionMask = 2147483647;
			files = (
			);
			runOnlyForDeploymentPostprocessing = 0;
		};
/* End PBXFrameworksBuildPhase section */

/* Begin PBXGroup section */
		F9D44B0F24A5E17C0034F14A = {
			isa = PBXGroup;
			children = (
				F9D44B1A24A5E17C0034F14A /* YMYCrashProtector */,
				F9D44B3624A5E1830034F14A /* YMYCrashProtectorTests */,
				F9D44B4124A5E1830034F14A /* YMYCrashProtectorUITests */,
				F9D44B1924A5E17C0034F14A /* Products */,
			);
			sourceTree = "<group>";
		};
		F9D44B1924A5E17C0034F14A /* Products */ = {
			isa = PBXGroup;
			children = (
				F9D44B1824A5E17C0034F14A /* YMYCrashProtector.app */,
				F9D44B3324A5E1830034F14A /* YMYCrashProtectorTests.xctest */,
				F9D44B3E24A5E1830034F14A /* YMYCrashProtectorUITests.xctest */,
			);
			name = Products;
			sourceTree = "<group>";
		};
		F9D44B1A24A5E17C0034F14A /* YMYCrashProtector */ = {
			isa = PBXGroup;
			children = (
				F9D44B5024A6F3E30034F14A /* YMYCrashProtector */,
				F9D44B1B24A5E17C0034F14A /* AppDelegate.h */,
				F9D44B1C24A5E17C0034F14A /* AppDelegate.m */,
				F9D44B1E24A5E17C0034F14A /* SceneDelegate.h */,
				F9D44B1F24A5E17C0034F14A /* SceneDelegate.m */,
				F9D44B2124A5E17C0034F14A /* ViewController.h */,
				F9D44B2224A5E17C0034F14A /* ViewController.m */,
				F9D44B2424A5E17C0034F14A /* Main.storyboard */,
				F9D44B2724A5E1820034F14A /* Assets.xcassets */,
				F9D44B2924A5E1820034F14A /* LaunchScreen.storyboard */,
				F9D44B2C24A5E1820034F14A /* Info.plist */,
				F9D44B2D24A5E1820034F14A /* main.m */,
			);
			path = YMYCrashProtector;
			sourceTree = "<group>";
		};
		F9D44B3624A5E1830034F14A /* YMYCrashProtectorTests */ = {
			isa = PBXGroup;
			children = (
				F9D44B3724A5E1830034F14A /* YMYCrashProtectorTests.m */,
				F9D44B3924A5E1830034F14A /* Info.plist */,
			);
			path = YMYCrashProtectorTests;
			sourceTree = "<group>";
		};
		F9D44B4124A5E1830034F14A /* YMYCrashProtectorUITests */ = {
			isa = PBXGroup;
			children = (
				F9D44B4224A5E1830034F14A /* YMYCrashProtectorUITests.m */,
				F9D44B4424A5E1830034F14A /* Info.plist */,
			);
			path = YMYCrashProtectorUITests;
			sourceTree = "<group>";
		};
		F9D44B5024A6F3E30034F14A /* YMYCrashProtector */ = {
			isa = PBXGroup;
			children = (
				F9D44C2324AF2F200034F14A /* Container */,
				F9D44B5124A6F4020034F14A /* YMYCrashManager.h */,
				F9D44B5224A6F4020034F14A /* YMYCrashManager.m */,
				F9D44B5424A6F6C00034F14A /* YMYCrashLog.h */,
				F9D44B5524A6F6C00034F14A /* YMYCrashLog.m */,
				F9D44B5724A71E0B0034F14A /* NSObject+KVOCrash.h */,
				F9D44B5824A71E0B0034F14A /* NSObject+KVOCrash.m */,
				F9D44B5A24A71F9A0034F14A /* NSObject+Swizzle.h */,
				F9D44B5B24A71F9A0034F14A /* NSObject+Swizzle.m */,
				F9D44C2024AF22D90034F14A /* NSTimer+Crash.h */,
				F9D44C2124AF22D90034F14A /* NSTimer+Crash.m */,
			);
			path = YMYCrashProtector;
			sourceTree = "<group>";
		};
		F9D44C2324AF2F200034F14A /* Container */ = {
			isa = PBXGroup;
			children = (
				F9D44C2424AF2F430034F14A /* NSString+Crash.h */,
				F9D44C2524AF2F430034F14A /* NSString+Crash.m */,
				F9D44C2724AF67490034F14A /* NSMutableArray+Crash.h */,
				F9D44C2824AF67490034F14A /* NSMutableArray+Crash.m */,
				F9D44C2A24AF68A60034F14A /* NSArray+Crash.h */,
				F9D44C2B24AF68A60034F14A /* NSArray+Crash.m */,
				F9D44C2D24AF6A3E0034F14A /* NSDictionary+Crash.h */,
				F9D44C2E24AF6A3E0034F14A /* NSDictionary+Crash.m */,
				F9D44C3024AF6B040034F14A /* NSMutableDictionary+Crash.h */,
				F9D44C3124AF6B040034F14A /* NSMutableDictionary+Crash.m */,
				F9D44C3324AF6BD80034F14A /* NSMutableString+Crash.h */,
				F9D44C3424AF6BD80034F14A /* NSMutableString+Crash.m */,
				F9D44C3624AF6CB70034F14A /* NSMutableAttributedString+Crash.h */,
				F9D44C3724AF6CB70034F14A /* NSMutableAttributedString+Crash.m */,
				F9D44C3924AF6DF70034F14A /* NSAttributedString+Crash.h */,
				F9D44C3A24AF6DF70034F14A /* NSAttributedString+Crash.m */,
			);
			path = Container;
			sourceTree = "<group>";
		};
/* End PBXGroup section */

/* Begin PBXNativeTarget section */
		F9D44B1724A5E17C0034F14A /* YMYCrashProtector */ = {
			isa = PBXNativeTarget;
			buildConfigurationList = F9D44B4724A5E1830034F14A /* Build configuration list for PBXNativeTarget "YMYCrashProtector" */;
			buildPhases = (
				F9D44B1424A5E17C0034F14A /* Sources */,
				F9D44B1524A5E17C0034F14A /* Frameworks */,
				F9D44B1624A5E17C0034F14A /* Resources */,
			);
			buildRules = (
			);
			dependencies = (
			);
			name = YMYCrashProtector;
			productName = YMYCrashProtector;
			productReference = F9D44B1824A5E17C0034F14A /* YMYCrashProtector.app */;
			productType = "com.apple.product-type.application";
		};
		F9D44B3224A5E1830034F14A /* YMYCrashProtectorTests */ = {
			isa = PBXNativeTarget;
			buildConfigurationList = F9D44B4A24A5E1830034F14A /* Build configuration list for PBXNativeTarget "YMYCrashProtectorTests" */;
			buildPhases = (
				F9D44B2F24A5E1830034F14A /* Sources */,
				F9D44B3024A5E1830034F14A /* Frameworks */,
				F9D44B3124A5E1830034F14A /* Resources */,
			);
			buildRules = (
			);
			dependencies = (
				F9D44B3524A5E1830034F14A /* PBXTargetDependency */,
			);
			name = YMYCrashProtectorTests;
			productName = YMYCrashProtectorTests;
			productReference = F9D44B3324A5E1830034F14A /* YMYCrashProtectorTests.xctest */;
			productType = "com.apple.product-type.bundle.unit-test";
		};
		F9D44B3D24A5E1830034F14A /* YMYCrashProtectorUITests */ = {
			isa = PBXNativeTarget;
			buildConfigurationList = F9D44B4D24A5E1830034F14A /* Build configuration list for PBXNativeTarget "YMYCrashProtectorUITests" */;
			buildPhases = (
				F9D44B3A24A5E1830034F14A /* Sources */,
				F9D44B3B24A5E1830034F14A /* Frameworks */,
				F9D44B3C24A5E1830034F14A /* Resources */,
			);
			buildRules = (
			);
			dependencies = (
				F9D44B4024A5E1830034F14A /* PBXTargetDependency */,
			);
			name = YMYCrashProtectorUITests;
			productName = YMYCrashProtectorUITests;
			productReference = F9D44B3E24A5E1830034F14A /* YMYCrashProtectorUITests.xctest */;
			productType = "com.apple.product-type.bundle.ui-testing";
		};
/* End PBXNativeTarget section */

/* Begin PBXProject section */
		F9D44B1024A5E17C0034F14A /* Project object */ = {
			isa = PBXProject;
			attributes = {
				LastUpgradeCheck = 1150;
				ORGANIZATIONNAME = ymy;
				TargetAttributes = {
					F9D44B1724A5E17C0034F14A = {
						CreatedOnToolsVersion = 11.5;
					};
					F9D44B3224A5E1830034F14A = {
						CreatedOnToolsVersion = 11.5;
						TestTargetID = F9D44B1724A5E17C0034F14A;
					};
					F9D44B3D24A5E1830034F14A = {
						CreatedOnToolsVersion = 11.5;
						TestTargetID = F9D44B1724A5E17C0034F14A;
					};
				};
			};
			buildConfigurationList = F9D44B1324A5E17C0034F14A /* Build configuration list for PBXProject "YMYCrashProtector" */;
			compatibilityVersion = "Xcode 9.3";
			developmentRegion = en;
			hasScannedForEncodings = 0;
			knownRegions = (
				en,
				Base,
			);
			mainGroup = F9D44B0F24A5E17C0034F14A;
			productRefGroup = F9D44B1924A5E17C0034F14A /* Products */;
			projectDirPath = "";
			projectRoot = "";
			targets = (
				F9D44B1724A5E17C0034F14A /* YMYCrashProtector */,
				F9D44B3224A5E1830034F14A /* YMYCrashProtectorTests */,
				F9D44B3D24A5E1830034F14A /* YMYCrashProtectorUITests */,
			);
		};
/* End PBXProject section */

/* Begin PBXResourcesBuildPhase section */
		F9D44B1624A5E17C0034F14A /* Resources */ = {
			isa = PBXResourcesBuildPhase;
			buildActionMask = 2147483647;
			files = (
				F9D44B2B24A5E1820034F14A /* LaunchScreen.storyboard in Resources */,
				F9D44B2824A5E1820034F14A /* Assets.xcassets in Resources */,
				F9D44B2624A5E17C0034F14A /* Main.storyboard in Resources */,
			);
			runOnlyForDeploymentPostprocessing = 0;
		};
		F9D44B3124A5E1830034F14A /* Resources */ = {
			isa = PBXResourcesBuildPhase;
			buildActionMask = 2147483647;
			files = (
			);
			runOnlyForDeploymentPostprocessing = 0;
		};
		F9D44B3C24A5E1830034F14A /* Resources */ = {
			isa = PBXResourcesBuildPhase;
			buildActionMask = 2147483647;
			files = (
			);
			runOnlyForDeploymentPostprocessing = 0;
		};
/* End PBXResourcesBuildPhase section */

/* Begin PBXSourcesBuildPhase section */
		F9D44B1424A5E17C0034F14A /* Sources */ = {
			isa = PBXSourcesBuildPhase;
			buildActionMask = 2147483647;
			files = (
				F9D44B5C24A71F9A0034F14A /* NSObject+Swizzle.m in Sources */,
				F9D44C2624AF2F430034F14A /* NSString+Crash.m in Sources */,
				F9D44B5924A71E0B0034F14A /* NSObject+KVOCrash.m in Sources */,
				F9D44B5624A6F6C00034F14A /* YMYCrashLog.m in Sources */,
				F9D44C3524AF6BD80034F14A /* NSMutableString+Crash.m in Sources */,
				F9D44C2F24AF6A3E0034F14A /* NSDictionary+Crash.m in Sources */,
				F9D44C3824AF6CB70034F14A /* NSMutableAttributedString+Crash.m in Sources */,
				F9D44C3224AF6B040034F14A /* NSMutableDictionary+Crash.m in Sources */,
				F9D44B2324A5E17C0034F14A /* ViewController.m in Sources */,
				F9D44B1D24A5E17C0034F14A /* AppDelegate.m in Sources */,
				F9D44C2C24AF68A60034F14A /* NSArray+Crash.m in Sources */,
				F9D44C2924AF67490034F14A /* NSMutableArray+Crash.m in Sources */,
				F9D44B5324A6F4020034F14A /* YMYCrashManager.m in Sources */,
				F9D44C2224AF22D90034F14A /* NSTimer+Crash.m in Sources */,
				F9D44B2E24A5E1820034F14A /* main.m in Sources */,
				F9D44B2024A5E17C0034F14A /* SceneDelegate.m in Sources */,
				F9D44C3B24AF6DF70034F14A /* NSAttributedString+Crash.m in Sources */,
			);
			runOnlyForDeploymentPostprocessing = 0;
		};
		F9D44B2F24A5E1830034F14A /* Sources */ = {
			isa = PBXSourcesBuildPhase;
			buildActionMask = 2147483647;
			files = (
				F9D44B3824A5E1830034F14A /* YMYCrashProtectorTests.m in Sources */,
			);
			runOnlyForDeploymentPostprocessing = 0;
		};
		F9D44B3A24A5E1830034F14A /* Sources */ = {
			isa = PBXSourcesBuildPhase;
			buildActionMask = 2147483647;
			files = (
				F9D44B4324A5E1830034F14A /* YMYCrashProtectorUITests.m in Sources */,
			);
			runOnlyForDeploymentPostprocessing = 0;
		};
/* End PBXSourcesBuildPhase section */

/* Begin PBXTargetDependency section */
		F9D44B3524A5E1830034F14A /* PBXTargetDependency */ = {
			isa = PBXTargetDependency;
			target = F9D44B1724A5E17C0034F14A /* YMYCrashProtector */;
			targetProxy = F9D44B3424A5E1830034F14A /* PBXContainerItemProxy */;
		};
		F9D44B4024A5E1830034F14A /* PBXTargetDependency */ = {
			isa = PBXTargetDependency;
			target = F9D44B1724A5E17C0034F14A /* YMYCrashProtector */;
			targetProxy = F9D44B3F24A5E1830034F14A /* PBXContainerItemProxy */;
		};
/* End PBXTargetDependency section */

/* Begin PBXVariantGroup section */
		F9D44B2424A5E17C0034F14A /* Main.storyboard */ = {
			isa = PBXVariantGroup;
			children = (
				F9D44B2524A5E17C0034F14A /* Base */,
			);
			name = Main.storyboard;
			sourceTree = "<group>";
		};
		F9D44B2924A5E1820034F14A /* LaunchScreen.storyboard */ = {
			isa = PBXVariantGroup;
			children = (
				F9D44B2A24A5E1820034F14A /* Base */,
			);
			name = LaunchScreen.storyboard;
			sourceTree = "<group>";
		};
/* End PBXVariantGroup section */

/* Begin XCBuildConfiguration section */
		F9D44B4524A5E1830034F14A /* Debug */ = {
			isa = XCBuildConfiguration;
			buildSettings = {
				ALWAYS_SEARCH_USER_PATHS = NO;
				CLANG_ANALYZER_NONNULL = YES;
				CLANG_ANALYZER_NUMBER_OBJECT_CONVERSION = YES_AGGRESSIVE;
				CLANG_CXX_LANGUAGE_STANDARD = "gnu++14";
				CLANG_CXX_LIBRARY = "libc++";
				CLANG_ENABLE_MODULES = YES;
				CLANG_ENABLE_OBJC_ARC = YES;
				CLANG_ENABLE_OBJC_WEAK = YES;
				CLANG_WARN_BLOCK_CAPTURE_AUTORELEASING = YES;
				CLANG_WARN_BOOL_CONVERSION = YES;
				CLANG_WARN_COMMA = YES;
				CLANG_WARN_CONSTANT_CONVERSION = YES;
				CLANG_WARN_DEPRECATED_OBJC_IMPLEMENTATIONS = YES;
				CLANG_WARN_DIRECT_OBJC_ISA_USAGE = YES_ERROR;
				CLANG_WARN_DOCUMENTATION_COMMENTS = YES;
				CLANG_WARN_EMPTY_BODY = YES;
				CLANG_WARN_ENUM_CONVERSION = YES;
				CLANG_WARN_INFINITE_RECURSION = YES;
				CLANG_WARN_INT_CONVERSION = YES;
				CLANG_WARN_NON_LITERAL_NULL_CONVERSION = YES;
				CLANG_WARN_OBJC_IMPLICIT_RETAIN_SELF = YES;
				CLANG_WARN_OBJC_LITERAL_CONVERSION = YES;
				CLANG_WARN_OBJC_ROOT_CLASS = YES_ERROR;
				CLANG_WARN_RANGE_LOOP_ANALYSIS = YES;
				CLANG_WARN_STRICT_PROTOTYPES = YES;
				CLANG_WARN_SUSPICIOUS_MOVE = YES;
				CLANG_WARN_UNGUARDED_AVAILABILITY = YES_AGGRESSIVE;
				CLANG_WARN_UNREACHABLE_CODE = YES;
				CLANG_WARN__DUPLICATE_METHOD_MATCH = YES;
				COPY_PHASE_STRIP = NO;
				DEBUG_INFORMATION_FORMAT = dwarf;
				ENABLE_STRICT_OBJC_MSGSEND = YES;
				ENABLE_TESTABILITY = YES;
				GCC_C_LANGUAGE_STANDARD = gnu11;
				GCC_DYNAMIC_NO_PIC = NO;
				GCC_NO_COMMON_BLOCKS = YES;
				GCC_OPTIMIZATION_LEVEL = 0;
				GCC_PREPROCESSOR_DEFINITIONS = (
					"DEBUG=1",
					"$(inherited)",
				);
				GCC_WARN_64_TO_32_BIT_CONVERSION = YES;
				GCC_WARN_ABOUT_RETURN_TYPE = YES_ERROR;
				GCC_WARN_UNDECLARED_SELECTOR = YES;
				GCC_WARN_UNINITIALIZED_AUTOS = YES_AGGRESSIVE;
				GCC_WARN_UNUSED_FUNCTION = YES;
				GCC_WARN_UNUSED_VARIABLE = YES;
				IPHONEOS_DEPLOYMENT_TARGET = 13.5;
				MTL_ENABLE_DEBUG_INFO = INCLUDE_SOURCE;
				MTL_FAST_MATH = YES;
				ONLY_ACTIVE_ARCH = YES;
				SDKROOT = iphoneos;
			};
			name = Debug;
		};
		F9D44B4624A5E1830034F14A /* Release */ = {
			isa = XCBuildConfiguration;
			buildSettings = {
				ALWAYS_SEARCH_USER_PATHS = NO;
				CLANG_ANALYZER_NONNULL = YES;
				CLANG_ANALYZER_NUMBER_OBJECT_CONVERSION = YES_AGGRESSIVE;
				CLANG_CXX_LANGUAGE_STANDARD = "gnu++14";
				CLANG_CXX_LIBRARY = "libc++";
				CLANG_ENABLE_MODULES = YES;
				CLANG_ENABLE_OBJC_ARC = YES;
				CLANG_ENABLE_OBJC_WEAK = YES;
				CLANG_WARN_BLOCK_CAPTURE_AUTORELEASING = YES;
				CLANG_WARN_BOOL_CONVERSION = YES;
				CLANG_WARN_COMMA = YES;
				CLANG_WARN_CONSTANT_CONVERSION = YES;
				CLANG_WARN_DEPRECATED_OBJC_IMPLEMENTATIONS = YES;
				CLANG_WARN_DIRECT_OBJC_ISA_USAGE = YES_ERROR;
				CLANG_WARN_DOCUMENTATION_COMMENTS = YES;
				CLANG_WARN_EMPTY_BODY = YES;
				CLANG_WARN_ENUM_CONVERSION = YES;
				CLANG_WARN_INFINITE_RECURSION = YES;
				CLANG_WARN_INT_CONVERSION = YES;
				CLANG_WARN_NON_LITERAL_NULL_CONVERSION = YES;
				CLANG_WARN_OBJC_IMPLICIT_RETAIN_SELF = YES;
				CLANG_WARN_OBJC_LITERAL_CONVERSION = YES;
				CLANG_WARN_OBJC_ROOT_CLASS = YES_ERROR;
				CLANG_WARN_RANGE_LOOP_ANALYSIS = YES;
				CLANG_WARN_STRICT_PROTOTYPES = YES;
				CLANG_WARN_SUSPICIOUS_MOVE = YES;
				CLANG_WARN_UNGUARDED_AVAILABILITY = YES_AGGRESSIVE;
				CLANG_WARN_UNREACHABLE_CODE = YES;
				CLANG_WARN__DUPLICATE_METHOD_MATCH = YES;
				COPY_PHASE_STRIP = NO;
				DEBUG_INFORMATION_FORMAT = "dwarf-with-dsym";
				ENABLE_NS_ASSERTIONS = NO;
				ENABLE_STRICT_OBJC_MSGSEND = YES;
				GCC_C_LANGUAGE_STANDARD = gnu11;
				GCC_NO_COMMON_BLOCKS = YES;
				GCC_WARN_64_TO_32_BIT_CONVERSION = YES;
				GCC_WARN_ABOUT_RETURN_TYPE = YES_ERROR;
				GCC_WARN_UNDECLARED_SELECTOR = YES;
				GCC_WARN_UNINITIALIZED_AUTOS = YES_AGGRESSIVE;
				GCC_WARN_UNUSED_FUNCTION = YES;
				GCC_WARN_UNUSED_VARIABLE = YES;
				IPHONEOS_DEPLOYMENT_TARGET = 13.5;
				MTL_ENABLE_DEBUG_INFO = NO;
				MTL_FAST_MATH = YES;
				SDKROOT = iphoneos;
				VALIDATE_PRODUCT = YES;
			};
			name = Release;
		};
		F9D44B4824A5E1830034F14A /* Debug */ = {
			isa = XCBuildConfiguration;
			buildSettings = {
				ASSETCATALOG_COMPILER_APPICON_NAME = AppIcon;
				CODE_SIGN_STYLE = Automatic;
				DEVELOPMENT_TEAM = ACA6AGYV2X;
				INFOPLIST_FILE = YMYCrashProtector/Info.plist;
				LD_RUNPATH_SEARCH_PATHS = (
					"$(inherited)",
					"@executable_path/Frameworks",
				);
				PRODUCT_BUNDLE_IDENTIFIER = com.dudu.YMYCrashProtector;
				PRODUCT_NAME = "$(TARGET_NAME)";
				TARGETED_DEVICE_FAMILY = 1;
			};
			name = Debug;
		};
		F9D44B4924A5E1830034F14A /* Release */ = {
			isa = XCBuildConfiguration;
			buildSettings = {
				ASSETCATALOG_COMPILER_APPICON_NAME = AppIcon;
				CODE_SIGN_STYLE = Automatic;
				DEVELOPMENT_TEAM = ACA6AGYV2X;
				INFOPLIST_FILE = YMYCrashProtector/Info.plist;
				LD_RUNPATH_SEARCH_PATHS = (
					"$(inherited)",
					"@executable_path/Frameworks",
				);
				PRODUCT_BUNDLE_IDENTIFIER = com.dudu.YMYCrashProtector;
				PRODUCT_NAME = "$(TARGET_NAME)";
				TARGETED_DEVICE_FAMILY = 1;
			};
			name = Release;
		};
		F9D44B4B24A5E1830034F14A /* Debug */ = {
			isa = XCBuildConfiguration;
			buildSettings = {
				BUNDLE_LOADER = "$(TEST_HOST)";
				CODE_SIGN_STYLE = Automatic;
				DEVELOPMENT_TEAM = ACA6AGYV2X;
				INFOPLIST_FILE = YMYCrashProtectorTests/Info.plist;
				IPHONEOS_DEPLOYMENT_TARGET = 13.5;
				LD_RUNPATH_SEARCH_PATHS = (
					"$(inherited)",
					"@executable_path/Frameworks",
					"@loader_path/Frameworks",
				);
				PRODUCT_BUNDLE_IDENTIFIER = com.dudu.YMYCrashProtectorTests;
				PRODUCT_NAME = "$(TARGET_NAME)";
				TARGETED_DEVICE_FAMILY = "1,2";
				TEST_HOST = "$(BUILT_PRODUCTS_DIR)/YMYCrashProtector.app/YMYCrashProtector";
			};
			name = Debug;
		};
		F9D44B4C24A5E1830034F14A /* Release */ = {
			isa = XCBuildConfiguration;
			buildSettings = {
				BUNDLE_LOADER = "$(TEST_HOST)";
				CODE_SIGN_STYLE = Automatic;
				DEVELOPMENT_TEAM = ACA6AGYV2X;
				INFOPLIST_FILE = YMYCrashProtectorTests/Info.plist;
				IPHONEOS_DEPLOYMENT_TARGET = 13.5;
				LD_RUNPATH_SEARCH_PATHS = (
					"$(inherited)",
					"@executable_path/Frameworks",
					"@loader_path/Frameworks",
				);
				PRODUCT_BUNDLE_IDENTIFIER = com.dudu.YMYCrashProtectorTests;
				PRODUCT_NAME = "$(TARGET_NAME)";
				TARGETED_DEVICE_FAMILY = "1,2";
				TEST_HOST = "$(BUILT_PRODUCTS_DIR)/YMYCrashProtector.app/YMYCrashProtector";
			};
			name = Release;
		};
		F9D44B4E24A5E1830034F14A /* Debug */ = {
			isa = XCBuildConfiguration;
			buildSettings = {
				CODE_SIGN_STYLE = Automatic;
				DEVELOPMENT_TEAM = ACA6AGYV2X;
				INFOPLIST_FILE = YMYCrashProtectorUITests/Info.plist;
				LD_RUNPATH_SEARCH_PATHS = (
					"$(inherited)",
					"@executable_path/Frameworks",
					"@loader_path/Frameworks",
				);
				PRODUCT_BUNDLE_IDENTIFIER = com.dudu.YMYCrashProtectorUITests;
				PRODUCT_NAME = "$(TARGET_NAME)";
				TARGETED_DEVICE_FAMILY = "1,2";
				TEST_TARGET_NAME = YMYCrashProtector;
			};
			name = Debug;
		};
		F9D44B4F24A5E1830034F14A /* Release */ = {
			isa = XCBuildConfiguration;
			buildSettings = {
				CODE_SIGN_STYLE = Automatic;
				DEVELOPMENT_TEAM = ACA6AGYV2X;
				INFOPLIST_FILE = YMYCrashProtectorUITests/Info.plist;
				LD_RUNPATH_SEARCH_PATHS = (
					"$(inherited)",
					"@executable_path/Frameworks",
					"@loader_path/Frameworks",
				);
				PRODUCT_BUNDLE_IDENTIFIER = com.dudu.YMYCrashProtectorUITests;
				PRODUCT_NAME = "$(TARGET_NAME)";
				TARGETED_DEVICE_FAMILY = "1,2";
				TEST_TARGET_NAME = YMYCrashProtector;
			};
			name = Release;
		};
/* End XCBuildConfiguration section */

/* Begin XCConfigurationList section */
		F9D44B1324A5E17C0034F14A /* Build configuration list for PBXProject "YMYCrashProtector" */ = {
			isa = XCConfigurationList;
			buildConfigurations = (
				F9D44B4524A5E1830034F14A /* Debug */,
				F9D44B4624A5E1830034F14A /* Release */,
			);
			defaultConfigurationIsVisible = 0;
			defaultConfigurationName = Release;
		};
		F9D44B4724A5E1830034F14A /* Build configuration list for PBXNativeTarget "YMYCrashProtector" */ = {
			isa = XCConfigurationList;
			buildConfigurations = (
				F9D44B4824A5E1830034F14A /* Debug */,
				F9D44B4924A5E1830034F14A /* Release */,
			);
			defaultConfigurationIsVisible = 0;
			defaultConfigurationName = Release;
		};
		F9D44B4A24A5E1830034F14A /* Build configuration list for PBXNativeTarget "YMYCrashProtectorTests" */ = {
			isa = XCConfigurationList;
			buildConfigurations = (
				F9D44B4B24A5E1830034F14A /* Debug */,
				F9D44B4C24A5E1830034F14A /* Release */,
			);
			defaultConfigurationIsVisible = 0;
			defaultConfigurationName = Release;
		};
		F9D44B4D24A5E1830034F14A /* Build configuration list for PBXNativeTarget "YMYCrashProtectorUITests" */ = {
			isa = XCConfigurationList;
			buildConfigurations = (
				F9D44B4E24A5E1830034F14A /* Debug */,
				F9D44B4F24A5E1830034F14A /* Release */,
			);
			defaultConfigurationIsVisible = 0;
			defaultConfigurationName = Release;
		};
/* End XCConfigurationList section */
	};
	rootObject = F9D44B1024A5E17C0034F14A /* Project object */;
}
